
Microsoft Visual Studio Solution File, Format Version 12.00
# Visual Studio Version 17
VisualStudioVersion = 17.14.36109.1
MinimumVisualStudioVersion = 10.0.40219.1
Project("{FAE04EC0-301F-11D3-BF4B-00C04F79EFBC}") = "Azure.AI.Agent", "Azure.AI.Agent\Azure.AI.Agent.csproj", "{D6CE2C7B-BB32-49B7-A3E2-6DFBCF4B0B86}"
EndProject
Project("{FAE04EC0-301F-11D3-BF4B-00C04F79EFBC}") = "My.Azure.AI.Agent.OpenAI", "My.Azure.AI.Agent.OpenAI\My.Azure.AI.Agent.OpenAI.csproj", "{EB2586D2-7C5F-48E5-8D15-7B498BDFAF13}"
EndProject
Project("{FAE04EC0-301F-11D3-BF4B-00C04F79EFBC}") = "My.Azure.AI.Agent.SemanticK", "My.Azure.AI.Agent.SemanticK\My.Azure.AI.Agent.SemanticK.csproj", "{B00FE557-9FD9-4E9C-ACC8-AAFA5B211F5E}"
EndProject
Project("{FAE04EC0-301F-11D3-BF4B-00C04F79EFBC}") = "My.Azure.AI.Agent.AutoGen", "My.Azure.AI.Agent.AutoGen\My.Azure.AI.Agent.AutoGen.csproj", "{70C3E2C3-A67F-4261-839B-D4E989166A5B}"
EndProject
Project("{FAE04EC0-301F-11D3-BF4B-00C04F79EFBC}") = "My.Azure.AI.Agent.GenAI", "My.Azure.AI.Agent.GenAI\My.Azure.AI.Agent.GenAI.csproj", "{DE1767E3-FEC2-4394-A3B5-3E4E0F9B6A20}"
EndProject
Global
	GlobalSection(SolutionConfigurationPlatforms) = preSolution
		Debug|Any CPU = Debug|Any CPU
		Release|Any CPU = Release|Any CPU
	EndGlobalSection
	GlobalSection(ProjectConfigurationPlatforms) = postSolution
		{D6CE2C7B-BB32-49B7-A3E2-6DFBCF4B0B86}.Debug|Any CPU.ActiveCfg = Debug|Any CPU
		{D6CE2C7B-BB32-49B7-A3E2-6DFBCF4B0B86}.Debug|Any CPU.Build.0 = Debug|Any CPU
		{D6CE2C7B-BB32-49B7-A3E2-6DFBCF4B0B86}.Release|Any CPU.ActiveCfg = Release|Any CPU
		{D6CE2C7B-BB32-49B7-A3E2-6DFBCF4B0B86}.Release|Any CPU.Build.0 = Release|Any CPU
		{EB2586D2-7C5F-48E5-8D15-7B498BDFAF13}.Debug|Any CPU.ActiveCfg = Debug|Any CPU
		{EB2586D2-7C5F-48E5-8D15-7B498BDFAF13}.Debug|Any CPU.Build.0 = Debug|Any CPU
		{EB2586D2-7C5F-48E5-8D15-7B498BDFAF13}.Release|Any CPU.ActiveCfg = Release|Any CPU
		{EB2586D2-7C5F-48E5-8D15-7B498BDFAF13}.Release|Any CPU.Build.0 = Release|Any CPU
		{B00FE557-9FD9-4E9C-ACC8-AAFA5B211F5E}.Debug|Any CPU.ActiveCfg = Debug|Any CPU
		{B00FE557-9FD9-4E9C-ACC8-AAFA5B211F5E}.Debug|Any CPU.Build.0 = Debug|Any CPU
		{B00FE557-9FD9-4E9C-ACC8-AAFA5B211F5E}.Release|Any CPU.ActiveCfg = Release|Any CPU
		{B00FE557-9FD9-4E9C-ACC8-AAFA5B211F5E}.Release|Any CPU.Build.0 = Release|Any CPU
		{70C3E2C3-A67F-4261-839B-D4E989166A5B}.Debug|Any CPU.ActiveCfg = Debug|Any CPU
		{70C3E2C3-A67F-4261-839B-D4E989166A5B}.Debug|Any CPU.Build.0 = Debug|Any CPU
		{70C3E2C3-A67F-4261-839B-D4E989166A5B}.Release|Any CPU.ActiveCfg = Release|Any CPU
		{70C3E2C3-A67F-4261-839B-D4E989166A5B}.Release|Any CPU.Build.0 = Release|Any CPU
		{DE1767E3-FEC2-4394-A3B5-3E4E0F9B6A20}.Debug|Any CPU.ActiveCfg = Debug|Any CPU
		{DE1767E3-FEC2-4394-A3B5-3E4E0F9B6A20}.Debug|Any CPU.Build.0 = Debug|Any CPU
		{DE1767E3-FEC2-4394-A3B5-3E4E0F9B6A20}.Release|Any CPU.ActiveCfg = Release|Any CPU
		{DE1767E3-FEC2-4394-A3B5-3E4E0F9B6A20}.Release|Any CPU.Build.0 = Release|Any CPU
	EndGlobalSection
	GlobalSection(SolutionProperties) = preSolution
		HideSolutionNode = FALSE
	EndGlobalSection
	GlobalSection(ExtensibilityGlobals) = postSolution
		SolutionGuid = {18B3116A-E790-4BA0-A59C-77411A5135C4}
	EndGlobalSection
EndGlobal
